
Microsoft Visual Studio Solution File, Format Version 12.00
# Visual Studio Version 17
VisualStudioVersion = 17.8.34330.188
MinimumVisualStudioVersion = 10.0.40219.1
Project("{8BC9CEB8-8B4A-11D0-8D11-00A0C91BC942}") = "clue", "clue\clue.vcxproj", "{B517E9FC-7765-4BF4-9E83-1330CB6FDB14}"
EndProject
Global
	GlobalSection(SolutionConfigurationPlatforms) = preSolution
		Debug|x64 = Debug|x64
		Debug|x86 = Debug|x86
		Release|x64 = Release|x64
		Release|x86 = Release|x86
	EndGlobalSection
	GlobalSection(ProjectConfigurationPlatforms) = postSolution
		{B517E9FC-7765-4BF4-9E83-1330CB6FDB14}.Debug|x64.ActiveCfg = Debug|x64
		{B517E9FC-7765-4BF4-9E83-1330CB6FDB14}.Debug|x64.Build.0 = Debug|x64
		{B517E9FC-7765-4BF4-9E83-1330CB6FDB14}.Debug|x86.ActiveCfg = Debug|Win32
		{B517E9FC-7765-4BF4-9E83-1330CB6FDB14}.Debug|x86.Build.0 = Debug|Win32
		{B517E9FC-7765-4BF4-9E83-1330CB6FDB14}.Release|x64.ActiveCfg = Release|x64
		{B517E9FC-7765-4BF4-9E83-1330CB6FDB14}.Release|x64.Build.0 = Release|x64
		{B517E9FC-7765-4BF4-9E83-1330CB6FDB14}.Release|x86.ActiveCfg = Release|Win32
		{B517E9FC-7765-4BF4-9E83-1330CB6FDB14}.Release|x86.Build.0 = Release|Win32
	EndGlobalSection
	GlobalSection(SolutionProperties) = preSolution
		HideSolutionNode = FALSE
	EndGlobalSection
	GlobalSection(ExtensibilityGlobals) = postSolution
		SolutionGuid = {210C9659-0833-42C6-9414-12B902882919}
	EndGlobalSection
EndGlobal
